github.com/adityatelange/hugo-PaperMod v0.0.0-20240420132049-175059921fe1 h1:pSDv9vokXatYBBc0Yh0yNlCa19fKndA8q/IDthzd3gg=
github.com/adityatelange/hugo-PaperMod v0.0.0-20240420132049-175059921fe1/go.mod h1:HCHxNMKYdGafUYjVV3ICiAqznZK2yH0iI53jqcDFDdQ=
github.com/adityatelange/hugo-PaperMod v0.0.0-20240511144135-3f50861a0ced/go.mod h1:HCHxNMKYdGafUYjVV3ICiAqznZK2yH0iI53jqcDFDdQ=
