github.com/adityatelange/hugo-PaperMod v0.0.0-20231125123631-b288ede80cbd h1:p8a6Mp9l7T3Ak+ai1TRTysTxoKGwBbvVIlo6it0oGNo=
github.com/adityatelange/hugo-PaperMod v0.0.0-20231125123631-b288ede80cbd/go.mod h1:HCHxNMKYdGafUYjVV3ICiAqznZK2yH0iI53jqcDFDdQ=
github.com/adityatelange/hugo-PaperMod v0.0.0-20240114144012-d6cd6d91757c/go.mod h1:HCHxNMKYdGafUYjVV3ICiAqznZK2yH0iI53jqcDFDdQ=
