github.com/adityatelange/hugo-PaperMod v0.0.0-20250524045829-5a4651783fa9 h1:vSOmKCogP6L4SV2eO7A2zgO7sdml4Ta7tZSd6ccOTmQ=
github.com/adityatelange/hugo-PaperMod v0.0.0-20250524045829-5a4651783fa9/go.mod h1:HCHxNMKYdGafUYjVV3ICiAqznZK2yH0iI53jqcDFDdQ=
github.com/adityatelange/hugo-PaperMod v0.0.0-20251026154251-1cf53273c3ba/go.mod h1:HCHxNMKYdGafUYjVV3ICiAqznZK2yH0iI53jqcDFDdQ=
